
Microsoft Visual Studio Solution File, Format Version 12.00
# Visual Studio 14
VisualStudioVersion = 14.0.25420.1
MinimumVisualStudioVersion = 10.0.40219.1
Project("{8BC9CEB8-8B4A-11D0-8D11-00A0C91BC942}") = "Parser", "Parser\Parser.vcxproj", "{77BE9964-7862-4D05-AFF0-B42718AAE386}"
EndProject
Project("{8BC9CEB8-8B4A-11D0-8D11-00A0C91BC942}") = "ScopeStack", "ScopeStack\ScopeStack.vcxproj", "{0AE7CD6E-0797-422E-8DB9-407E517624A5}"
EndProject
Project("{8BC9CEB8-8B4A-11D0-8D11-00A0C91BC942}") = "Tokenizer", "Tokenizer\Tokenizer.vcxproj", "{FD63AD3D-4A25-4F5C-BD43-1E19192357F2}"
EndProject
Project("{8BC9CEB8-8B4A-11D0-8D11-00A0C91BC942}") = "SemiExp", "SemiExp\SemiExp.vcxproj", "{C1131546-C8AE-4A24-A866-4A28DFDB72B9}"
EndProject
Project("{2150E333-8FDC-42A3-9474-1A3956D46DE8}") = "Solution Items", "Solution Items", "{8ADAF054-CA21-488D-A284-860557308134}"
	ProjectSection(SolutionItems) = preProject
		ToDo.txt = ToDo.txt
	EndProjectSection
EndProject
Project("{8BC9CEB8-8B4A-11D0-8D11-00A0C91BC942}") = "FileMgr", "FileMgr\FileMgr.vcxproj", "{DDEE27FF-855E-4D10-AD7B-79CB8966EF13}"
EndProject
Project("{8BC9CEB8-8B4A-11D0-8D11-00A0C91BC942}") = "Logger", "Logger\Logger.vcxproj", "{66D2C764-9DA8-4505-B869-8E84E8968F7C}"
EndProject
Project("{8BC9CEB8-8B4A-11D0-8D11-00A0C91BC942}") = "Utilities", "Utilities\Utilities.vcxproj", "{462B43B2-8B13-4178-BF2A-903F76F1985C}"
EndProject
Project("{8BC9CEB8-8B4A-11D0-8D11-00A0C91BC942}") = "AbstractSyntaxTree", "AbstractSyntaxTree\AbstractSyntaxTree.vcxproj", "{53C7C53B-4D2F-4E71-9AF3-0B77DD0034B3}"
EndProject
Project("{8BC9CEB8-8B4A-11D0-8D11-00A0C91BC942}") = "FileSystem", "FileSystem\FileSystem.vcxproj", "{04CB7A5F-7472-4F19-9EA9-00B80063658C}"
EndProject
Project("{8BC9CEB8-8B4A-11D0-8D11-00A0C91BC942}") = "Cpp11-BlockingQueue", "Cpp11-BlockingQueue\Cpp11-BlockingQueue.vcxproj", "{9EFC55B0-E8E8-443D-920F-C09D0AF54185}"
EndProject
Project("{8BC9CEB8-8B4A-11D0-8D11-00A0C91BC942}") = "TestExectutive", "Analyzer\Executive.vcxproj", "{936434E9-93F0-467B-BBB7-D682483244BA}"
EndProject
Project("{8BC9CEB8-8B4A-11D0-8D11-00A0C91BC942}") = "TestFiles", "TestFiles\TestFiles.vcxproj", "{9B467863-4681-42C2-A4DE-EF3D89A802A2}"
EndProject
Project("{8BC9CEB8-8B4A-11D0-8D11-00A0C91BC942}") = "GrammarHelpers", "GrammarHelpers\GrammarHelpers.vcxproj", "{119080C0-DA30-4A3C-85D6-37315067CB1A}"
EndProject
Project("{8BC9CEB8-8B4A-11D0-8D11-00A0C91BC942}") = "TypeTable", "TypeTable\TypeTable.vcxproj", "{61C641C8-B31E-43F5-9EE3-46640AAD1C28}"
EndProject
Project("{8BC9CEB8-8B4A-11D0-8D11-00A0C91BC942}") = "TypeAnalysis", "DepthAnalysis\DepthAnalysis.vcxproj", "{7865B3C0-3472-469B-B782-9F156F5E05A5}"
EndProject
Project("{8BC9CEB8-8B4A-11D0-8D11-00A0C91BC942}") = "DependencyAnalysis", "DependencyAnalysis\DependencyAnalysis.vcxproj", "{11432A29-5DAC-4ADE-8614-1675B60F3E63}"
EndProject
Project("{8BC9CEB8-8B4A-11D0-8D11-00A0C91BC942}") = "Graph", "Graph\Graph.vcxproj", "{7FD18C90-EC25-4264-A681-25C3717CAE86}"
EndProject
Project("{8BC9CEB8-8B4A-11D0-8D11-00A0C91BC942}") = "PublishCode", "PublishCode\PublishCode.vcxproj", "{1660BB5E-7E60-4757-92A8-3E55DA3F5AD5}"
EndProject
Project("{8BC9CEB8-8B4A-11D0-8D11-00A0C91BC942}") = "HttpMessage", "HttpMessage\HttpMessage.vcxproj", "{85138823-AA3C-4BA5-AA0D-87FFF2E8C55D}"
EndProject
Project("{8BC9CEB8-8B4A-11D0-8D11-00A0C91BC942}") = "MsgClient", "MsgClient\MsgClient.vcxproj", "{297DEBDE-C8B0-43D4-BFAE-3348FD293B86}"
EndProject
Project("{8BC9CEB8-8B4A-11D0-8D11-00A0C91BC942}") = "WindowsHelpers", "WindowsHelpers\WindowsHelpers.vcxproj", "{836DE6F9-01ED-4026-9590-BE15692223F9}"
EndProject
Project("{8BC9CEB8-8B4A-11D0-8D11-00A0C91BC942}") = "Sockets", "Sockets\Sockets.vcxproj", "{BDEE9A2B-38F4-4650-A1F5-604E5C6AD377}"
EndProject
Project("{8BC9CEB8-8B4A-11D0-8D11-00A0C91BC942}") = "MsgServer", "MsgServer\MsgServer.vcxproj", "{FE56FFEF-3443-41C8-A004-1F464FE8A092}"
EndProject
Project("{8BC9CEB8-8B4A-11D0-8D11-00A0C91BC942}") = "MockChannel", "MockChannel\MockChannel.vcxproj", "{80ACF294-1336-404E-80C4-610AD0BE8552}"
EndProject
Project("{FAE04EC0-301F-11D3-BF4B-00C04F79EFBC}") = "WPFTest", "WPFTest\WPFTest.csproj", "{CFFEBFEA-E59B-40C8-AA32-44F90A089A95}"
EndProject
Project("{8BC9CEB8-8B4A-11D0-8D11-00A0C91BC942}") = "CLIShim", "CLI-Shim\CLI-Shim.vcxproj", "{DEBA0C59-0224-4711-8EB9-21CFDB8C6229}"
EndProject
Global
	GlobalSection(SolutionConfigurationPlatforms) = preSolution
		Debug|Any CPU = Debug|Any CPU
		Debug|x64 = Debug|x64
		Debug|x86 = Debug|x86
		Release|Any CPU = Release|Any CPU
		Release|x64 = Release|x64
		Release|x86 = Release|x86
	EndGlobalSection
	GlobalSection(ProjectConfigurationPlatforms) = postSolution
		{77BE9964-7862-4D05-AFF0-B42718AAE386}.Debug|Any CPU.ActiveCfg = Debug|Win32
		{77BE9964-7862-4D05-AFF0-B42718AAE386}.Debug|x64.ActiveCfg = Debug|x64
		{77BE9964-7862-4D05-AFF0-B42718AAE386}.Debug|x64.Build.0 = Debug|x64
		{77BE9964-7862-4D05-AFF0-B42718AAE386}.Debug|x86.ActiveCfg = Debug|Win32
		{77BE9964-7862-4D05-AFF0-B42718AAE386}.Debug|x86.Build.0 = Debug|Win32
		{77BE9964-7862-4D05-AFF0-B42718AAE386}.Release|Any CPU.ActiveCfg = Release|Win32
		{77BE9964-7862-4D05-AFF0-B42718AAE386}.Release|x64.ActiveCfg = Release|x64
		{77BE9964-7862-4D05-AFF0-B42718AAE386}.Release|x64.Build.0 = Release|x64
		{77BE9964-7862-4D05-AFF0-B42718AAE386}.Release|x86.ActiveCfg = Release|Win32
		{77BE9964-7862-4D05-AFF0-B42718AAE386}.Release|x86.Build.0 = Release|Win32
		{0AE7CD6E-0797-422E-8DB9-407E517624A5}.Debug|Any CPU.ActiveCfg = Debug|Win32
		{0AE7CD6E-0797-422E-8DB9-407E517624A5}.Debug|x64.ActiveCfg = Debug|x64
		{0AE7CD6E-0797-422E-8DB9-407E517624A5}.Debug|x64.Build.0 = Debug|x64
		{0AE7CD6E-0797-422E-8DB9-407E517624A5}.Debug|x86.ActiveCfg = Debug|Win32
		{0AE7CD6E-0797-422E-8DB9-407E517624A5}.Debug|x86.Build.0 = Debug|Win32
		{0AE7CD6E-0797-422E-8DB9-407E517624A5}.Release|Any CPU.ActiveCfg = Release|Win32
		{0AE7CD6E-0797-422E-8DB9-407E517624A5}.Release|x64.ActiveCfg = Release|x64
		{0AE7CD6E-0797-422E-8DB9-407E517624A5}.Release|x64.Build.0 = Release|x64
		{0AE7CD6E-0797-422E-8DB9-407E517624A5}.Release|x86.ActiveCfg = Release|Win32
		{0AE7CD6E-0797-422E-8DB9-407E517624A5}.Release|x86.Build.0 = Release|Win32
		{FD63AD3D-4A25-4F5C-BD43-1E19192357F2}.Debug|Any CPU.ActiveCfg = Debug|Win32
		{FD63AD3D-4A25-4F5C-BD43-1E19192357F2}.Debug|x64.ActiveCfg = Debug|Win32
		{FD63AD3D-4A25-4F5C-BD43-1E19192357F2}.Debug|x64.Build.0 = Debug|Win32
		{FD63AD3D-4A25-4F5C-BD43-1E19192357F2}.Debug|x86.ActiveCfg = Debug|Win32
		{FD63AD3D-4A25-4F5C-BD43-1E19192357F2}.Debug|x86.Build.0 = Debug|Win32
		{FD63AD3D-4A25-4F5C-BD43-1E19192357F2}.Release|Any CPU.ActiveCfg = Release|Win32
		{FD63AD3D-4A25-4F5C-BD43-1E19192357F2}.Release|x64.ActiveCfg = Release|Win32
		{FD63AD3D-4A25-4F5C-BD43-1E19192357F2}.Release|x86.ActiveCfg = Release|Win32
		{FD63AD3D-4A25-4F5C-BD43-1E19192357F2}.Release|x86.Build.0 = Release|Win32
		{C1131546-C8AE-4A24-A866-4A28DFDB72B9}.Debug|Any CPU.ActiveCfg = Debug|Win32
		{C1131546-C8AE-4A24-A866-4A28DFDB72B9}.Debug|x64.ActiveCfg = Debug|x64
		{C1131546-C8AE-4A24-A866-4A28DFDB72B9}.Debug|x64.Build.0 = Debug|x64
		{C1131546-C8AE-4A24-A866-4A28DFDB72B9}.Debug|x86.ActiveCfg = Debug|Win32
		{C1131546-C8AE-4A24-A866-4A28DFDB72B9}.Debug|x86.Build.0 = Debug|Win32
		{C1131546-C8AE-4A24-A866-4A28DFDB72B9}.Release|Any CPU.ActiveCfg = Release|Win32
		{C1131546-C8AE-4A24-A866-4A28DFDB72B9}.Release|x64.ActiveCfg = Release|x64
		{C1131546-C8AE-4A24-A866-4A28DFDB72B9}.Release|x64.Build.0 = Release|x64
		{C1131546-C8AE-4A24-A866-4A28DFDB72B9}.Release|x86.ActiveCfg = Release|Win32
		{C1131546-C8AE-4A24-A866-4A28DFDB72B9}.Release|x86.Build.0 = Release|Win32
		{DDEE27FF-855E-4D10-AD7B-79CB8966EF13}.Debug|Any CPU.ActiveCfg = Debug|Win32
		{DDEE27FF-855E-4D10-AD7B-79CB8966EF13}.Debug|x64.ActiveCfg = Debug|Win32
		{DDEE27FF-855E-4D10-AD7B-79CB8966EF13}.Debug|x64.Build.0 = Debug|Win32
		{DDEE27FF-855E-4D10-AD7B-79CB8966EF13}.Debug|x86.ActiveCfg = Debug|Win32
		{DDEE27FF-855E-4D10-AD7B-79CB8966EF13}.Debug|x86.Build.0 = Debug|Win32
		{DDEE27FF-855E-4D10-AD7B-79CB8966EF13}.Release|Any CPU.ActiveCfg = Release|Win32
		{DDEE27FF-855E-4D10-AD7B-79CB8966EF13}.Release|x64.ActiveCfg = Release|Win32
		{DDEE27FF-855E-4D10-AD7B-79CB8966EF13}.Release|x86.ActiveCfg = Release|Win32
		{DDEE27FF-855E-4D10-AD7B-79CB8966EF13}.Release|x86.Build.0 = Release|Win32
		{66D2C764-9DA8-4505-B869-8E84E8968F7C}.Debug|Any CPU.ActiveCfg = Debug|Win32
		{66D2C764-9DA8-4505-B869-8E84E8968F7C}.Debug|x64.ActiveCfg = Debug|x64
		{66D2C764-9DA8-4505-B869-8E84E8968F7C}.Debug|x64.Build.0 = Debug|x64
		{66D2C764-9DA8-4505-B869-8E84E8968F7C}.Debug|x86.ActiveCfg = Debug|Win32
		{66D2C764-9DA8-4505-B869-8E84E8968F7C}.Debug|x86.Build.0 = Debug|Win32
		{66D2C764-9DA8-4505-B869-8E84E8968F7C}.Release|Any CPU.ActiveCfg = Release|Win32
		{66D2C764-9DA8-4505-B869-8E84E8968F7C}.Release|x64.ActiveCfg = Release|x64
		{66D2C764-9DA8-4505-B869-8E84E8968F7C}.Release|x64.Build.0 = Release|x64
		{66D2C764-9DA8-4505-B869-8E84E8968F7C}.Release|x86.ActiveCfg = Release|Win32
		{66D2C764-9DA8-4505-B869-8E84E8968F7C}.Release|x86.Build.0 = Release|Win32
		{462B43B2-8B13-4178-BF2A-903F76F1985C}.Debug|Any CPU.ActiveCfg = Debug|Win32
		{462B43B2-8B13-4178-BF2A-903F76F1985C}.Debug|x64.ActiveCfg = Debug|x64
		{462B43B2-8B13-4178-BF2A-903F76F1985C}.Debug|x64.Build.0 = Debug|x64
		{462B43B2-8B13-4178-BF2A-903F76F1985C}.Debug|x86.ActiveCfg = Debug|Win32
		{462B43B2-8B13-4178-BF2A-903F76F1985C}.Debug|x86.Build.0 = Debug|Win32
		{462B43B2-8B13-4178-BF2A-903F76F1985C}.Release|Any CPU.ActiveCfg = Release|Win32
		{462B43B2-8B13-4178-BF2A-903F76F1985C}.Release|x64.ActiveCfg = Release|x64
		{462B43B2-8B13-4178-BF2A-903F76F1985C}.Release|x64.Build.0 = Release|x64
		{462B43B2-8B13-4178-BF2A-903F76F1985C}.Release|x86.ActiveCfg = Release|Win32
		{462B43B2-8B13-4178-BF2A-903F76F1985C}.Release|x86.Build.0 = Release|Win32
		{53C7C53B-4D2F-4E71-9AF3-0B77DD0034B3}.Debug|Any CPU.ActiveCfg = Debug|Win32
		{53C7C53B-4D2F-4E71-9AF3-0B77DD0034B3}.Debug|x64.ActiveCfg = Debug|x64
		{53C7C53B-4D2F-4E71-9AF3-0B77DD0034B3}.Debug|x64.Build.0 = Debug|x64
		{53C7C53B-4D2F-4E71-9AF3-0B77DD0034B3}.Debug|x86.ActiveCfg = Debug|Win32
		{53C7C53B-4D2F-4E71-9AF3-0B77DD0034B3}.Debug|x86.Build.0 = Debug|Win32
		{53C7C53B-4D2F-4E71-9AF3-0B77DD0034B3}.Release|Any CPU.ActiveCfg = Release|Win32
		{53C7C53B-4D2F-4E71-9AF3-0B77DD0034B3}.Release|x64.ActiveCfg = Release|x64
		{53C7C53B-4D2F-4E71-9AF3-0B77DD0034B3}.Release|x64.Build.0 = Release|x64
		{53C7C53B-4D2F-4E71-9AF3-0B77DD0034B3}.Release|x86.ActiveCfg = Release|Win32
		{53C7C53B-4D2F-4E71-9AF3-0B77DD0034B3}.Release|x86.Build.0 = Release|Win32
		{04CB7A5F-7472-4F19-9EA9-00B80063658C}.Debug|Any CPU.ActiveCfg = Debug|Win32
		{04CB7A5F-7472-4F19-9EA9-00B80063658C}.Debug|x64.ActiveCfg = Debug|x64
		{04CB7A5F-7472-4F19-9EA9-00B80063658C}.Debug|x64.Build.0 = Debug|x64
		{04CB7A5F-7472-4F19-9EA9-00B80063658C}.Debug|x86.ActiveCfg = Debug|Win32
		{04CB7A5F-7472-4F19-9EA9-00B80063658C}.Debug|x86.Build.0 = Debug|Win32
		{04CB7A5F-7472-4F19-9EA9-00B80063658C}.Release|Any CPU.ActiveCfg = Release|Win32
		{04CB7A5F-7472-4F19-9EA9-00B80063658C}.Release|x64.ActiveCfg = Release|x64
		{04CB7A5F-7472-4F19-9EA9-00B80063658C}.Release|x64.Build.0 = Release|x64
		{04CB7A5F-7472-4F19-9EA9-00B80063658C}.Release|x86.ActiveCfg = Release|Win32
		{04CB7A5F-7472-4F19-9EA9-00B80063658C}.Release|x86.Build.0 = Release|Win32
		{9EFC55B0-E8E8-443D-920F-C09D0AF54185}.Debug|Any CPU.ActiveCfg = Debug|Win32
		{9EFC55B0-E8E8-443D-920F-C09D0AF54185}.Debug|x64.ActiveCfg = Debug|x64
		{9EFC55B0-E8E8-443D-920F-C09D0AF54185}.Debug|x64.Build.0 = Debug|x64
		{9EFC55B0-E8E8-443D-920F-C09D0AF54185}.Debug|x86.ActiveCfg = Debug|Win32
		{9EFC55B0-E8E8-443D-920F-C09D0AF54185}.Debug|x86.Build.0 = Debug|Win32
		{9EFC55B0-E8E8-443D-920F-C09D0AF54185}.Release|Any CPU.ActiveCfg = Release|Win32
		{9EFC55B0-E8E8-443D-920F-C09D0AF54185}.Release|x64.ActiveCfg = Release|x64
		{9EFC55B0-E8E8-443D-920F-C09D0AF54185}.Release|x64.Build.0 = Release|x64
		{9EFC55B0-E8E8-443D-920F-C09D0AF54185}.Release|x86.ActiveCfg = Release|Win32
		{9EFC55B0-E8E8-443D-920F-C09D0AF54185}.Release|x86.Build.0 = Release|Win32
		{936434E9-93F0-467B-BBB7-D682483244BA}.Debug|Any CPU.ActiveCfg = Debug|Win32
		{936434E9-93F0-467B-BBB7-D682483244BA}.Debug|x64.ActiveCfg = Debug|x64
		{936434E9-93F0-467B-BBB7-D682483244BA}.Debug|x64.Build.0 = Debug|x64
		{936434E9-93F0-467B-BBB7-D682483244BA}.Debug|x86.ActiveCfg = Debug|Win32
		{936434E9-93F0-467B-BBB7-D682483244BA}.Debug|x86.Build.0 = Debug|Win32
		{936434E9-93F0-467B-BBB7-D682483244BA}.Release|Any CPU.ActiveCfg = Release|Win32
		{936434E9-93F0-467B-BBB7-D682483244BA}.Release|x64.ActiveCfg = Release|x64
		{936434E9-93F0-467B-BBB7-D682483244BA}.Release|x64.Build.0 = Release|x64
		{936434E9-93F0-467B-BBB7-D682483244BA}.Release|x86.ActiveCfg = Release|Win32
		{936434E9-93F0-467B-BBB7-D682483244BA}.Release|x86.Build.0 = Release|Win32
		{9B467863-4681-42C2-A4DE-EF3D89A802A2}.Debug|Any CPU.ActiveCfg = Debug|Win32
		{9B467863-4681-42C2-A4DE-EF3D89A802A2}.Debug|x64.ActiveCfg = Debug|x64
		{9B467863-4681-42C2-A4DE-EF3D89A802A2}.Debug|x64.Build.0 = Debug|x64
		{9B467863-4681-42C2-A4DE-EF3D89A802A2}.Debug|x86.ActiveCfg = Debug|Win32
		{9B467863-4681-42C2-A4DE-EF3D89A802A2}.Debug|x86.Build.0 = Debug|Win32
		{9B467863-4681-42C2-A4DE-EF3D89A802A2}.Release|Any CPU.ActiveCfg = Release|Win32
		{9B467863-4681-42C2-A4DE-EF3D89A802A2}.Release|x64.ActiveCfg = Release|x64
		{9B467863-4681-42C2-A4DE-EF3D89A802A2}.Release|x64.Build.0 = Release|x64
		{9B467863-4681-42C2-A4DE-EF3D89A802A2}.Release|x86.ActiveCfg = Release|Win32
		{9B467863-4681-42C2-A4DE-EF3D89A802A2}.Release|x86.Build.0 = Release|Win32
		{119080C0-DA30-4A3C-85D6-37315067CB1A}.Debug|Any CPU.ActiveCfg = Debug|Win32
		{119080C0-DA30-4A3C-85D6-37315067CB1A}.Debug|x64.ActiveCfg = Debug|x64
		{119080C0-DA30-4A3C-85D6-37315067CB1A}.Debug|x64.Build.0 = Debug|x64
		{119080C0-DA30-4A3C-85D6-37315067CB1A}.Debug|x86.ActiveCfg = Debug|Win32
		{119080C0-DA30-4A3C-85D6-37315067CB1A}.Debug|x86.Build.0 = Debug|Win32
		{119080C0-DA30-4A3C-85D6-37315067CB1A}.Release|Any CPU.ActiveCfg = Release|Win32
		{119080C0-DA30-4A3C-85D6-37315067CB1A}.Release|x64.ActiveCfg = Release|x64
		{119080C0-DA30-4A3C-85D6-37315067CB1A}.Release|x64.Build.0 = Release|x64
		{119080C0-DA30-4A3C-85D6-37315067CB1A}.Release|x86.ActiveCfg = Release|Win32
		{119080C0-DA30-4A3C-85D6-37315067CB1A}.Release|x86.Build.0 = Release|Win32
		{61C641C8-B31E-43F5-9EE3-46640AAD1C28}.Debug|Any CPU.ActiveCfg = Debug|Win32
		{61C641C8-B31E-43F5-9EE3-46640AAD1C28}.Debug|x64.ActiveCfg = Debug|x64
		{61C641C8-B31E-43F5-9EE3-46640AAD1C28}.Debug|x64.Build.0 = Debug|x64
		{61C641C8-B31E-43F5-9EE3-46640AAD1C28}.Debug|x86.ActiveCfg = Debug|Win32
		{61C641C8-B31E-43F5-9EE3-46640AAD1C28}.Debug|x86.Build.0 = Debug|Win32
		{61C641C8-B31E-43F5-9EE3-46640AAD1C28}.Release|Any CPU.ActiveCfg = Release|Win32
		{61C641C8-B31E-43F5-9EE3-46640AAD1C28}.Release|x64.ActiveCfg = Release|x64
		{61C641C8-B31E-43F5-9EE3-46640AAD1C28}.Release|x64.Build.0 = Release|x64
		{61C641C8-B31E-43F5-9EE3-46640AAD1C28}.Release|x86.ActiveCfg = Release|Win32
		{61C641C8-B31E-43F5-9EE3-46640AAD1C28}.Release|x86.Build.0 = Release|Win32
		{7865B3C0-3472-469B-B782-9F156F5E05A5}.Debug|Any CPU.ActiveCfg = Debug|Win32
		{7865B3C0-3472-469B-B782-9F156F5E05A5}.Debug|x64.ActiveCfg = Debug|x64
		{7865B3C0-3472-469B-B782-9F156F5E05A5}.Debug|x64.Build.0 = Debug|x64
		{7865B3C0-3472-469B-B782-9F156F5E05A5}.Debug|x86.ActiveCfg = Debug|Win32
		{7865B3C0-3472-469B-B782-9F156F5E05A5}.Debug|x86.Build.0 = Debug|Win32
		{7865B3C0-3472-469B-B782-9F156F5E05A5}.Release|Any CPU.ActiveCfg = Release|Win32
		{7865B3C0-3472-469B-B782-9F156F5E05A5}.Release|x64.ActiveCfg = Release|x64
		{7865B3C0-3472-469B-B782-9F156F5E05A5}.Release|x64.Build.0 = Release|x64
		{7865B3C0-3472-469B-B782-9F156F5E05A5}.Release|x86.ActiveCfg = Release|Win32
		{7865B3C0-3472-469B-B782-9F156F5E05A5}.Release|x86.Build.0 = Release|Win32
		{11432A29-5DAC-4ADE-8614-1675B60F3E63}.Debug|Any CPU.ActiveCfg = Debug|Win32
		{11432A29-5DAC-4ADE-8614-1675B60F3E63}.Debug|x64.ActiveCfg = Debug|x64
		{11432A29-5DAC-4ADE-8614-1675B60F3E63}.Debug|x64.Build.0 = Debug|x64
		{11432A29-5DAC-4ADE-8614-1675B60F3E63}.Debug|x86.ActiveCfg = Debug|Win32
		{11432A29-5DAC-4ADE-8614-1675B60F3E63}.Debug|x86.Build.0 = Debug|Win32
		{11432A29-5DAC-4ADE-8614-1675B60F3E63}.Release|Any CPU.ActiveCfg = Release|Win32
		{11432A29-5DAC-4ADE-8614-1675B60F3E63}.Release|x64.ActiveCfg = Release|x64
		{11432A29-5DAC-4ADE-8614-1675B60F3E63}.Release|x64.Build.0 = Release|x64
		{11432A29-5DAC-4ADE-8614-1675B60F3E63}.Release|x86.ActiveCfg = Release|Win32
		{11432A29-5DAC-4ADE-8614-1675B60F3E63}.Release|x86.Build.0 = Release|Win32
		{7FD18C90-EC25-4264-A681-25C3717CAE86}.Debug|Any CPU.ActiveCfg = Debug|Win32
		{7FD18C90-EC25-4264-A681-25C3717CAE86}.Debug|x64.ActiveCfg = Debug|x64
		{7FD18C90-EC25-4264-A681-25C3717CAE86}.Debug|x64.Build.0 = Debug|x64
		{7FD18C90-EC25-4264-A681-25C3717CAE86}.Debug|x86.ActiveCfg = Debug|Win32
		{7FD18C90-EC25-4264-A681-25C3717CAE86}.Debug|x86.Build.0 = Debug|Win32
		{7FD18C90-EC25-4264-A681-25C3717CAE86}.Release|Any CPU.ActiveCfg = Release|Win32
		{7FD18C90-EC25-4264-A681-25C3717CAE86}.Release|x64.ActiveCfg = Release|x64
		{7FD18C90-EC25-4264-A681-25C3717CAE86}.Release|x64.Build.0 = Release|x64
		{7FD18C90-EC25-4264-A681-25C3717CAE86}.Release|x86.ActiveCfg = Release|Win32
		{7FD18C90-EC25-4264-A681-25C3717CAE86}.Release|x86.Build.0 = Release|Win32
		{1660BB5E-7E60-4757-92A8-3E55DA3F5AD5}.Debug|Any CPU.ActiveCfg = Debug|Win32
		{1660BB5E-7E60-4757-92A8-3E55DA3F5AD5}.Debug|x64.ActiveCfg = Debug|x64
		{1660BB5E-7E60-4757-92A8-3E55DA3F5AD5}.Debug|x64.Build.0 = Debug|x64
		{1660BB5E-7E60-4757-92A8-3E55DA3F5AD5}.Debug|x86.ActiveCfg = Debug|Win32
		{1660BB5E-7E60-4757-92A8-3E55DA3F5AD5}.Debug|x86.Build.0 = Debug|Win32
		{1660BB5E-7E60-4757-92A8-3E55DA3F5AD5}.Release|Any CPU.ActiveCfg = Release|Win32
		{1660BB5E-7E60-4757-92A8-3E55DA3F5AD5}.Release|x64.ActiveCfg = Release|x64
		{1660BB5E-7E60-4757-92A8-3E55DA3F5AD5}.Release|x64.Build.0 = Release|x64
		{1660BB5E-7E60-4757-92A8-3E55DA3F5AD5}.Release|x86.ActiveCfg = Release|Win32
		{1660BB5E-7E60-4757-92A8-3E55DA3F5AD5}.Release|x86.Build.0 = Release|Win32
		{85138823-AA3C-4BA5-AA0D-87FFF2E8C55D}.Debug|Any CPU.ActiveCfg = Debug|Win32
		{85138823-AA3C-4BA5-AA0D-87FFF2E8C55D}.Debug|x64.ActiveCfg = Debug|x64
		{85138823-AA3C-4BA5-AA0D-87FFF2E8C55D}.Debug|x64.Build.0 = Debug|x64
		{85138823-AA3C-4BA5-AA0D-87FFF2E8C55D}.Debug|x86.ActiveCfg = Debug|Win32
		{85138823-AA3C-4BA5-AA0D-87FFF2E8C55D}.Debug|x86.Build.0 = Debug|Win32
		{85138823-AA3C-4BA5-AA0D-87FFF2E8C55D}.Release|Any CPU.ActiveCfg = Release|Win32
		{85138823-AA3C-4BA5-AA0D-87FFF2E8C55D}.Release|x64.ActiveCfg = Release|x64
		{85138823-AA3C-4BA5-AA0D-87FFF2E8C55D}.Release|x64.Build.0 = Release|x64
		{85138823-AA3C-4BA5-AA0D-87FFF2E8C55D}.Release|x86.ActiveCfg = Release|Win32
		{85138823-AA3C-4BA5-AA0D-87FFF2E8C55D}.Release|x86.Build.0 = Release|Win32
		{297DEBDE-C8B0-43D4-BFAE-3348FD293B86}.Debug|Any CPU.ActiveCfg = Debug|Win32
		{297DEBDE-C8B0-43D4-BFAE-3348FD293B86}.Debug|x64.ActiveCfg = Debug|Win32
		{297DEBDE-C8B0-43D4-BFAE-3348FD293B86}.Debug|x64.Build.0 = Debug|Win32
		{297DEBDE-C8B0-43D4-BFAE-3348FD293B86}.Debug|x86.ActiveCfg = Debug|Win32
		{297DEBDE-C8B0-43D4-BFAE-3348FD293B86}.Debug|x86.Build.0 = Debug|Win32
		{297DEBDE-C8B0-43D4-BFAE-3348FD293B86}.Release|Any CPU.ActiveCfg = Release|Win32
		{297DEBDE-C8B0-43D4-BFAE-3348FD293B86}.Release|x64.ActiveCfg = Release|x64
		{297DEBDE-C8B0-43D4-BFAE-3348FD293B86}.Release|x64.Build.0 = Release|x64
		{297DEBDE-C8B0-43D4-BFAE-3348FD293B86}.Release|x86.ActiveCfg = Release|Win32
		{297DEBDE-C8B0-43D4-BFAE-3348FD293B86}.Release|x86.Build.0 = Release|Win32
		{836DE6F9-01ED-4026-9590-BE15692223F9}.Debug|Any CPU.ActiveCfg = Debug|Win32
		{836DE6F9-01ED-4026-9590-BE15692223F9}.Debug|x64.ActiveCfg = Debug|x64
		{836DE6F9-01ED-4026-9590-BE15692223F9}.Debug|x64.Build.0 = Debug|x64
		{836DE6F9-01ED-4026-9590-BE15692223F9}.Debug|x86.ActiveCfg = Debug|Win32
		{836DE6F9-01ED-4026-9590-BE15692223F9}.Debug|x86.Build.0 = Debug|Win32
		{836DE6F9-01ED-4026-9590-BE15692223F9}.Release|Any CPU.ActiveCfg = Release|Win32
		{836DE6F9-01ED-4026-9590-BE15692223F9}.Release|x64.ActiveCfg = Release|x64
		{836DE6F9-01ED-4026-9590-BE15692223F9}.Release|x64.Build.0 = Release|x64
		{836DE6F9-01ED-4026-9590-BE15692223F9}.Release|x86.ActiveCfg = Release|Win32
		{836DE6F9-01ED-4026-9590-BE15692223F9}.Release|x86.Build.0 = Release|Win32
		{BDEE9A2B-38F4-4650-A1F5-604E5C6AD377}.Debug|Any CPU.ActiveCfg = Debug|Win32
		{BDEE9A2B-38F4-4650-A1F5-604E5C6AD377}.Debug|x64.ActiveCfg = Debug|x64
		{BDEE9A2B-38F4-4650-A1F5-604E5C6AD377}.Debug|x64.Build.0 = Debug|x64
		{BDEE9A2B-38F4-4650-A1F5-604E5C6AD377}.Debug|x86.ActiveCfg = Debug|Win32
		{BDEE9A2B-38F4-4650-A1F5-604E5C6AD377}.Debug|x86.Build.0 = Debug|Win32
		{BDEE9A2B-38F4-4650-A1F5-604E5C6AD377}.Release|Any CPU.ActiveCfg = Release|Win32
		{BDEE9A2B-38F4-4650-A1F5-604E5C6AD377}.Release|x64.ActiveCfg = Release|x64
		{BDEE9A2B-38F4-4650-A1F5-604E5C6AD377}.Release|x64.Build.0 = Release|x64
		{BDEE9A2B-38F4-4650-A1F5-604E5C6AD377}.Release|x86.ActiveCfg = Release|Win32
		{BDEE9A2B-38F4-4650-A1F5-604E5C6AD377}.Release|x86.Build.0 = Release|Win32
		{FE56FFEF-3443-41C8-A004-1F464FE8A092}.Debug|Any CPU.ActiveCfg = Debug|Win32
		{FE56FFEF-3443-41C8-A004-1F464FE8A092}.Debug|x64.ActiveCfg = Debug|x64
		{FE56FFEF-3443-41C8-A004-1F464FE8A092}.Debug|x64.Build.0 = Debug|x64
		{FE56FFEF-3443-41C8-A004-1F464FE8A092}.Debug|x86.ActiveCfg = Debug|Win32
		{FE56FFEF-3443-41C8-A004-1F464FE8A092}.Debug|x86.Build.0 = Debug|Win32
		{FE56FFEF-3443-41C8-A004-1F464FE8A092}.Release|Any CPU.ActiveCfg = Release|Win32
		{FE56FFEF-3443-41C8-A004-1F464FE8A092}.Release|x64.ActiveCfg = Release|x64
		{FE56FFEF-3443-41C8-A004-1F464FE8A092}.Release|x64.Build.0 = Release|x64
		{FE56FFEF-3443-41C8-A004-1F464FE8A092}.Release|x86.ActiveCfg = Release|Win32
		{FE56FFEF-3443-41C8-A004-1F464FE8A092}.Release|x86.Build.0 = Release|Win32
		{80ACF294-1336-404E-80C4-610AD0BE8552}.Debug|Any CPU.ActiveCfg = Debug|Win32
		{80ACF294-1336-404E-80C4-610AD0BE8552}.Debug|x64.ActiveCfg = Debug|Win32
		{80ACF294-1336-404E-80C4-610AD0BE8552}.Debug|x64.Build.0 = Debug|Win32
		{80ACF294-1336-404E-80C4-610AD0BE8552}.Debug|x86.ActiveCfg = Debug|Win32
		{80ACF294-1336-404E-80C4-610AD0BE8552}.Debug|x86.Build.0 = Debug|Win32
		{80ACF294-1336-404E-80C4-610AD0BE8552}.Release|Any CPU.ActiveCfg = Release|Win32
		{80ACF294-1336-404E-80C4-610AD0BE8552}.Release|x64.ActiveCfg = Release|x64
		{80ACF294-1336-404E-80C4-610AD0BE8552}.Release|x64.Build.0 = Release|x64
		{80ACF294-1336-404E-80C4-610AD0BE8552}.Release|x86.ActiveCfg = Release|Win32
		{80ACF294-1336-404E-80C4-610AD0BE8552}.Release|x86.Build.0 = Release|Win32
		{CFFEBFEA-E59B-40C8-AA32-44F90A089A95}.Debug|Any CPU.ActiveCfg = Debug|Any CPU
		{CFFEBFEA-E59B-40C8-AA32-44F90A089A95}.Debug|Any CPU.Build.0 = Debug|Any CPU
		{CFFEBFEA-E59B-40C8-AA32-44F90A089A95}.Debug|x64.ActiveCfg = Debug|Any CPU
		{CFFEBFEA-E59B-40C8-AA32-44F90A089A95}.Debug|x64.Build.0 = Debug|Any CPU
		{CFFEBFEA-E59B-40C8-AA32-44F90A089A95}.Debug|x86.ActiveCfg = Debug|Any CPU
		{CFFEBFEA-E59B-40C8-AA32-44F90A089A95}.Debug|x86.Build.0 = Debug|Any CPU
		{CFFEBFEA-E59B-40C8-AA32-44F90A089A95}.Release|Any CPU.ActiveCfg = Release|Any CPU
		{CFFEBFEA-E59B-40C8-AA32-44F90A089A95}.Release|Any CPU.Build.0 = Release|Any CPU
		{CFFEBFEA-E59B-40C8-AA32-44F90A089A95}.Release|x64.ActiveCfg = Release|Any CPU
		{CFFEBFEA-E59B-40C8-AA32-44F90A089A95}.Release|x64.Build.0 = Release|Any CPU
		{CFFEBFEA-E59B-40C8-AA32-44F90A089A95}.Release|x86.ActiveCfg = Release|Any CPU
		{CFFEBFEA-E59B-40C8-AA32-44F90A089A95}.Release|x86.Build.0 = Release|Any CPU
		{DEBA0C59-0224-4711-8EB9-21CFDB8C6229}.Debug|Any CPU.ActiveCfg = Debug|Win32
		{DEBA0C59-0224-4711-8EB9-21CFDB8C6229}.Debug|x64.ActiveCfg = Debug|Win32
		{DEBA0C59-0224-4711-8EB9-21CFDB8C6229}.Debug|x64.Build.0 = Debug|Win32
		{DEBA0C59-0224-4711-8EB9-21CFDB8C6229}.Debug|x86.ActiveCfg = Debug|Win32
		{DEBA0C59-0224-4711-8EB9-21CFDB8C6229}.Debug|x86.Build.0 = Debug|Win32
		{DEBA0C59-0224-4711-8EB9-21CFDB8C6229}.Release|Any CPU.ActiveCfg = Release|Win32
		{DEBA0C59-0224-4711-8EB9-21CFDB8C6229}.Release|x64.ActiveCfg = Release|x64
		{DEBA0C59-0224-4711-8EB9-21CFDB8C6229}.Release|x64.Build.0 = Release|x64
		{DEBA0C59-0224-4711-8EB9-21CFDB8C6229}.Release|x86.ActiveCfg = Release|Win32
		{DEBA0C59-0224-4711-8EB9-21CFDB8C6229}.Release|x86.Build.0 = Release|Win32
	EndGlobalSection
	GlobalSection(SolutionProperties) = preSolution
		HideSolutionNode = FALSE
	EndGlobalSection
EndGlobal
